
Microsoft Visual Studio Solution File, Format Version 12.00
# Visual Studio Version 16
VisualStudioVersion = 16.0.29123.88
MinimumVisualStudioVersion = 10.0.40219.1
Project("{FAE04EC0-301F-11D3-BF4B-00C04F79EFBC}") = "Instant Doom", "Instant Doom.csproj", "{264F914C-1BA5-48D6-ADE1-2BF35EEE24C3}"
EndProject
Global
	GlobalSection(SolutionConfigurationPlatforms) = preSolution
		Debug|Any CPU = Debug|Any CPU
		Release|Any CPU = Release|Any CPU
	EndGlobalSection
	GlobalSection(ProjectConfigurationPlatforms) = postSolution
		{264F914C-1BA5-48D6-ADE1-2BF35EEE24C3}.Debug|Any CPU.ActiveCfg = Debug|Any CPU
		{264F914C-1BA5-48D6-ADE1-2BF35EEE24C3}.Debug|Any CPU.Build.0 = Debug|Any CPU
		{264F914C-1BA5-48D6-ADE1-2BF35EEE24C3}.Release|Any CPU.ActiveCfg = Release|Any CPU
		{264F914C-1BA5-48D6-ADE1-2BF35EEE24C3}.Release|Any CPU.Build.0 = Release|Any CPU
	EndGlobalSection
	GlobalSection(SolutionProperties) = preSolution
		HideSolutionNode = FALSE
	EndGlobalSection
	GlobalSection(ExtensibilityGlobals) = postSolution
		SolutionGuid = {55F04007-7C3C-4EAB-B060-A17EB7A27801}
	EndGlobalSection
EndGlobal
